
Microsoft Visual Studio Solution File, Format Version 12.00
# Visual Studio Version 16
VisualStudioVersion = 16.0.30128.74
MinimumVisualStudioVersion = 10.0.40219.1
Project("{888888A0-9F3D-457C-B088-3A5042F75D52}") = "linky-trends-api", "linky-trends-api.pyproj", "{DE73F3EE-47C0-4B03-AFB6-C4702806A1D1}"
EndProject
Global
	GlobalSection(SolutionConfigurationPlatforms) = preSolution
		Debug|Any CPU = Debug|Any CPU
		Release|Any CPU = Release|Any CPU
	EndGlobalSection
	GlobalSection(ProjectConfigurationPlatforms) = postSolution
		{DE73F3EE-47C0-4B03-AFB6-C4702806A1D1}.Debug|Any CPU.ActiveCfg = Debug|Any CPU
		{DE73F3EE-47C0-4B03-AFB6-C4702806A1D1}.Release|Any CPU.ActiveCfg = Release|Any CPU
	EndGlobalSection
	GlobalSection(SolutionProperties) = preSolution
		HideSolutionNode = FALSE
	EndGlobalSection
	GlobalSection(ExtensibilityGlobals) = postSolution
		SolutionGuid = {275A7A5E-CAC3-4CD7-9292-2ABC9576A1E5}
	EndGlobalSection
EndGlobal
